// !$*UTF8*$!
{
	archiveVersion = 1;
	classes = {
	};
	objectVersion = 56;
	objects = {

/* Begin PBXBuildFile section */
		6E1936EA29E5D20D0069C99B /* AppDelegate.swift in Sources */ = {isa = PBXBuildFile; fileRef = 6E1936E929E5D20D0069C99B /* AppDelegate.swift */; };
		6E1936EC29E5D20D0069C99B /* SceneDelegate.swift in Sources */ = {isa = PBXBuildFile; fileRef = 6E1936EB29E5D20D0069C99B /* SceneDelegate.swift */; };
		6E1936EE29E5D20D0069C99B /* ViewController.swift in Sources */ = {isa = PBXBuildFile; fileRef = 6E1936ED29E5D20D0069C99B /* ViewController.swift */; };
		6E1936F129E5D20D0069C99B /* Main.storyboard in Resources */ = {isa = PBXBuildFile; fileRef = 6E1936EF29E5D20D0069C99B /* Main.storyboard */; };
		6E1936F329E5D2150069C99B /* Assets.xcassets in Resources */ = {isa = PBXBuildFile; fileRef = 6E1936F229E5D2150069C99B /* Assets.xcassets */; };
		6E1936F629E5D2150069C99B /* LaunchScreen.storyboard in Resources */ = {isa = PBXBuildFile; fileRef = 6E1936F429E5D2150069C99B /* LaunchScreen.storyboard */; };
		6E19370129E5D2160069C99B /* ThylispiTests.swift in Sources */ = {isa = PBXBuildFile; fileRef = 6E19370029E5D2160069C99B /* ThylispiTests.swift */; };
		6E19370B29E5D2160069C99B /* ThylispiUITests.swift in Sources */ = {isa = PBXBuildFile; fileRef = 6E19370A29E5D2160069C99B /* ThylispiUITests.swift */; };
		6E19370D29E5D2160069C99B /* ThylispiUITestsLaunchTests.swift in Sources */ = {isa = PBXBuildFile; fileRef = 6E19370C29E5D2160069C99B /* ThylispiUITestsLaunchTests.swift */; };
		6E1BAF2429EDBAEB00356DD9 /* SecondViewController.swift in Sources */ = {isa = PBXBuildFile; fileRef = 6E1BAF2329EDBAEB00356DD9 /* SecondViewController.swift */; };
		6ED3D75A2A0C10BC002483D5 /* cursedWind.wav in Resources */ = {isa = PBXBuildFile; fileRef = 6ED3D7412A0C10BC002483D5 /* cursedWind.wav */; };
		6ED3D75B2A0C10BC002483D5 /* ghostSound.wav in Resources */ = {isa = PBXBuildFile; fileRef = 6ED3D7422A0C10BC002483D5 /* ghostSound.wav */; };
		6ED3D75C2A0C10BC002483D5 /* laugh.wav in Resources */ = {isa = PBXBuildFile; fileRef = 6ED3D7432A0C10BC002483D5 /* laugh.wav */; };
		6ED3D75D2A0C10BC002483D5 /* dungeon.mp3 in Resources */ = {isa = PBXBuildFile; fileRef = 6ED3D7442A0C10BC002483D5 /* dungeon.mp3 */; };
		6ED3D75E2A0C10BC002483D5 /* goBack.wav in Resources */ = {isa = PBXBuildFile; fileRef = 6ED3D7452A0C10BC002483D5 /* goBack.wav */; };
		6ED3D75F2A0C10BC002483D5 /* clicking.wav in Resources */ = {isa = PBXBuildFile; fileRef = 6ED3D7462A0C10BC002483D5 /* clicking.wav */; };
		6ED3D7602A0C10BC002483D5 /* hyenaSound.mp3 in Resources */ = {isa = PBXBuildFile; fileRef = 6ED3D7472A0C10BC002483D5 /* hyenaSound.mp3 */; };
		6ED3D7612A0C10BC002483D5 /* menu.aiff in Resources */ = {isa = PBXBuildFile; fileRef = 6ED3D7482A0C10BC002483D5 /* menu.aiff */; };
		6ED3D7622A0C10BC002483D5 /* walk.mp3 in Resources */ = {isa = PBXBuildFile; fileRef = 6ED3D7492A0C10BC002483D5 /* walk.mp3 */; };
		6ED3D7632A0C10BC002483D5 /* cryingGhost.wav in Resources */ = {isa = PBXBuildFile; fileRef = 6ED3D74A2A0C10BC002483D5 /* cryingGhost.wav */; };
		6ED3D7642A0C10BC002483D5 /* EyeCurious.wav in Resources */ = {isa = PBXBuildFile; fileRef = 6ED3D74B2A0C10BC002483D5 /* EyeCurious.wav */; };
		6ED3D7652A0C10BC002483D5 /* ambientA.mp3 in Resources */ = {isa = PBXBuildFile; fileRef = 6ED3D74C2A0C10BC002483D5 /* ambientA.mp3 */; };
		6ED3D7662A0C10BC002483D5 /* sanityLow.wav in Resources */ = {isa = PBXBuildFile; fileRef = 6ED3D74D2A0C10BC002483D5 /* sanityLow.wav */; };
		6ED3D7672A0C10BC002483D5 /* eyeSound.wav in Resources */ = {isa = PBXBuildFile; fileRef = 6ED3D74E2A0C10BC002483D5 /* eyeSound.wav */; };
		6ED3D7682A0C10BC002483D5 /* newItem.wav in Resources */ = {isa = PBXBuildFile; fileRef = 6ED3D74F2A0C10BC002483D5 /* newItem.wav */; };
		6ED3D7692A0C10BC002483D5 /* eyeDeathSound.wav in Resources */ = {isa = PBXBuildFile; fileRef = 6ED3D7502A0C10BC002483D5 /* eyeDeathSound.wav */; };
		6ED3D76A2A0C10BC002483D5 /* eyeAnger.wav in Resources */ = {isa = PBXBuildFile; fileRef = 6ED3D7512A0C10BC002483D5 /* eyeAnger.wav */; };
		6ED3D76B2A0C10BC002483D5 /* startSound.wav in Resources */ = {isa = PBXBuildFile; fileRef = 6ED3D7522A0C10BC002483D5 /* startSound.wav */; };
		6ED3D76C2A0C10BC002483D5 /* tapped.aiff in Resources */ = {isa = PBXBuildFile; fileRef = 6ED3D7532A0C10BC002483D5 /* tapped.aiff */; };
		6ED3D76D2A0C10BC002483D5 /* characterCreation.wav in Resources */ = {isa = PBXBuildFile; fileRef = 6ED3D7542A0C10BC002483D5 /* characterCreation.wav */; };
		6ED3D76E2A0C10BC002483D5 /* movingMonster.mp3 in Resources */ = {isa = PBXBuildFile; fileRef = 6ED3D7552A0C10BC002483D5 /* movingMonster.mp3 */; };
		6ED3D76F2A0C10BC002483D5 /* banging.wav in Resources */ = {isa = PBXBuildFile; fileRef = 6ED3D7562A0C10BC002483D5 /* banging.wav */; };
		6ED3D7702A0C10BC002483D5 /* newArea.wav in Resources */ = {isa = PBXBuildFile; fileRef = 6ED3D7572A0C10BC002483D5 /* newArea.wav */; };
		6ED3D7712A0C10BC002483D5 /* ambientC.wav in Resources */ = {isa = PBXBuildFile; fileRef = 6ED3D7582A0C10BC002483D5 /* ambientC.wav */; };
		6ED3D7722A0C10BC002483D5 /* ambientB.wav in Resources */ = {isa = PBXBuildFile; fileRef = 6ED3D7592A0C10BC002483D5 /* ambientB.wav */; };
		6ED3D7B02A0C1A75002483D5 /* LoadViewController.swift in Sources */ = {isa = PBXBuildFile; fileRef = 6ED3D7AF2A0C1A75002483D5 /* LoadViewController.swift */; };
		6ED68ACC29FC330400450583 /* GameViewController.swift in Sources */ = {isa = PBXBuildFile; fileRef = 6ED68ACB29FC330400450583 /* GameViewController.swift */; };
		6ED68ACE29FC384C00450583 /* PersistData.swift in Sources */ = {isa = PBXBuildFile; fileRef = 6ED68ACD29FC384C00450583 /* PersistData.swift */; };
		6ED68AD029FFF81400450583 /* OptionsViewController.swift in Sources */ = {isa = PBXBuildFile; fileRef = 6ED68ACF29FFF81400450583 /* OptionsViewController.swift */; };
/* End PBXBuildFile section */

/* Begin PBXContainerItemProxy section */
		6E1936FD29E5D2160069C99B /* PBXContainerItemProxy */ = {
			isa = PBXContainerItemProxy;
			containerPortal = 6E1936DE29E5D20D0069C99B /* Project object */;
			proxyType = 1;
			remoteGlobalIDString = 6E1936E529E5D20D0069C99B;
			remoteInfo = Thylispi;
		};
		6E19370729E5D2160069C99B /* PBXContainerItemProxy */ = {
			isa = PBXContainerItemProxy;
			containerPortal = 6E1936DE29E5D20D0069C99B /* Project object */;
			proxyType = 1;
			remoteGlobalIDString = 6E1936E529E5D20D0069C99B;
			remoteInfo = Thylispi;
		};
/* End PBXContainerItemProxy section */

/* Begin PBXFileReference section */
		6E1936E629E5D20D0069C99B /* Thylispi.app */ = {isa = PBXFileReference; explicitFileType = wrapper.application; includeInIndex = 0; path = Thylispi.app; sourceTree = BUILT_PRODUCTS_DIR; };
		6E1936E929E5D20D0069C99B /* AppDelegate.swift */ = {isa = PBXFileReference; lastKnownFileType = sourcecode.swift; path = AppDelegate.swift; sourceTree = "<group>"; };
		6E1936EB29E5D20D0069C99B /* SceneDelegate.swift */ = {isa = PBXFileReference; lastKnownFileType = sourcecode.swift; path = SceneDelegate.swift; sourceTree = "<group>"; };
		6E1936ED29E5D20D0069C99B /* ViewController.swift */ = {isa = PBXFileReference; lastKnownFileType = sourcecode.swift; path = ViewController.swift; sourceTree = "<group>"; };
		6E1936F029E5D20D0069C99B /* Base */ = {isa = PBXFileReference; lastKnownFileType = file.storyboard; name = Base; path = Base.lproj/Main.storyboard; sourceTree = "<group>"; };
		6E1936F229E5D2150069C99B /* Assets.xcassets */ = {isa = PBXFileReference; lastKnownFileType = folder.assetcatalog; path = Assets.xcassets; sourceTree = "<group>"; };
		6E1936F529E5D2150069C99B /* Base */ = {isa = PBXFileReference; lastKnownFileType = file.storyboard; name = Base; path = Base.lproj/LaunchScreen.storyboard; sourceTree = "<group>"; };
		6E1936F729E5D2150069C99B /* Info.plist */ = {isa = PBXFileReference; lastKnownFileType = text.plist.xml; path = Info.plist; sourceTree = "<group>"; };
		6E1936FC29E5D2160069C99B /* ThylispiTests.xctest */ = {isa = PBXFileReference; explicitFileType = wrapper.cfbundle; includeInIndex = 0; path = ThylispiTests.xctest; sourceTree = BUILT_PRODUCTS_DIR; };
		6E19370029E5D2160069C99B /* ThylispiTests.swift */ = {isa = PBXFileReference; lastKnownFileType = sourcecode.swift; path = ThylispiTests.swift; sourceTree = "<group>"; };
		6E19370629E5D2160069C99B /* ThylispiUITests.xctest */ = {isa = PBXFileReference; explicitFileType = wrapper.cfbundle; includeInIndex = 0; path = ThylispiUITests.xctest; sourceTree = BUILT_PRODUCTS_DIR; };
		6E19370A29E5D2160069C99B /* ThylispiUITests.swift */ = {isa = PBXFileReference; lastKnownFileType = sourcecode.swift; path = ThylispiUITests.swift; sourceTree = "<group>"; };
		6E19370C29E5D2160069C99B /* ThylispiUITestsLaunchTests.swift */ = {isa = PBXFileReference; lastKnownFileType = sourcecode.swift; path = ThylispiUITestsLaunchTests.swift; sourceTree = "<group>"; };
		6E1BAF2329EDBAEB00356DD9 /* SecondViewController.swift */ = {isa = PBXFileReference; lastKnownFileType = sourcecode.swift; path = SecondViewController.swift; sourceTree = "<group>"; };
		6ED3D7412A0C10BC002483D5 /* cursedWind.wav */ = {isa = PBXFileReference; lastKnownFileType = audio.wav; path = cursedWind.wav; sourceTree = "<group>"; };
		6ED3D7422A0C10BC002483D5 /* ghostSound.wav */ = {isa = PBXFileReference; lastKnownFileType = audio.wav; path = ghostSound.wav; sourceTree = "<group>"; };
		6ED3D7432A0C10BC002483D5 /* laugh.wav */ = {isa = PBXFileReference; lastKnownFileType = audio.wav; path = laugh.wav; sourceTree = "<group>"; };
		6ED3D7442A0C10BC002483D5 /* dungeon.mp3 */ = {isa = PBXFileReference; lastKnownFileType = audio.mp3; path = dungeon.mp3; sourceTree = "<group>"; };
		6ED3D7452A0C10BC002483D5 /* goBack.wav */ = {isa = PBXFileReference; lastKnownFileType = audio.wav; path = goBack.wav; sourceTree = "<group>"; };
		6ED3D7462A0C10BC002483D5 /* clicking.wav */ = {isa = PBXFileReference; lastKnownFileType = audio.wav; path = clicking.wav; sourceTree = "<group>"; };
		6ED3D7472A0C10BC002483D5 /* hyenaSound.mp3 */ = {isa = PBXFileReference; lastKnownFileType = audio.mp3; path = hyenaSound.mp3; sourceTree = "<group>"; };
		6ED3D7482A0C10BC002483D5 /* menu.aiff */ = {isa = PBXFileReference; lastKnownFileType = audio.aiff; path = menu.aiff; sourceTree = "<group>"; };
		6ED3D7492A0C10BC002483D5 /* walk.mp3 */ = {isa = PBXFileReference; lastKnownFileType = audio.mp3; path = walk.mp3; sourceTree = "<group>"; };
		6ED3D74A2A0C10BC002483D5 /* cryingGhost.wav */ = {isa = PBXFileReference; lastKnownFileType = audio.wav; path = cryingGhost.wav; sourceTree = "<group>"; };
		6ED3D74B2A0C10BC002483D5 /* EyeCurious.wav */ = {isa = PBXFileReference; lastKnownFileType = audio.wav; path = EyeCurious.wav; sourceTree = "<group>"; };
		6ED3D74C2A0C10BC002483D5 /* ambientA.mp3 */ = {isa = PBXFileReference; lastKnownFileType = audio.mp3; path = ambientA.mp3; sourceTree = "<group>"; };
		6ED3D74D2A0C10BC002483D5 /* sanityLow.wav */ = {isa = PBXFileReference; lastKnownFileType = audio.wav; path = sanityLow.wav; sourceTree = "<group>"; };
		6ED3D74E2A0C10BC002483D5 /* eyeSound.wav */ = {isa = PBXFileReference; lastKnownFileType = audio.wav; path = eyeSound.wav; sourceTree = "<group>"; };
		6ED3D74F2A0C10BC002483D5 /* newItem.wav */ = {isa = PBXFileReference; lastKnownFileType = audio.wav; path = newItem.wav; sourceTree = "<group>"; };
		6ED3D7502A0C10BC002483D5 /* eyeDeathSound.wav */ = {isa = PBXFileReference; lastKnownFileType = audio.wav; path = eyeDeathSound.wav; sourceTree = "<group>"; };
		6ED3D7512A0C10BC002483D5 /* eyeAnger.wav */ = {isa = PBXFileReference; lastKnownFileType = audio.wav; path = eyeAnger.wav; sourceTree = "<group>"; };
		6ED3D7522A0C10BC002483D5 /* startSound.wav */ = {isa = PBXFileReference; lastKnownFileType = audio.wav; path = startSound.wav; sourceTree = "<group>"; };
		6ED3D7532A0C10BC002483D5 /* tapped.aiff */ = {isa = PBXFileReference; lastKnownFileType = audio.aiff; path = tapped.aiff; sourceTree = "<group>"; };
		6ED3D7542A0C10BC002483D5 /* characterCreation.wav */ = {isa = PBXFileReference; lastKnownFileType = audio.wav; path = characterCreation.wav; sourceTree = "<group>"; };
		6ED3D7552A0C10BC002483D5 /* movingMonster.mp3 */ = {isa = PBXFileReference; lastKnownFileType = audio.mp3; path = movingMonster.mp3; sourceTree = "<group>"; };
		6ED3D7562A0C10BC002483D5 /* banging.wav */ = {isa = PBXFileReference; lastKnownFileType = audio.wav; path = banging.wav; sourceTree = "<group>"; };
		6ED3D7572A0C10BC002483D5 /* newArea.wav */ = {isa = PBXFileReference; lastKnownFileType = audio.wav; path = newArea.wav; sourceTree = "<group>"; };
		6ED3D7582A0C10BC002483D5 /* ambientC.wav */ = {isa = PBXFileReference; lastKnownFileType = audio.wav; path = ambientC.wav; sourceTree = "<group>"; };
		6ED3D7592A0C10BC002483D5 /* ambientB.wav */ = {isa = PBXFileReference; lastKnownFileType = audio.wav; path = ambientB.wav; sourceTree = "<group>"; };
		6ED3D7AF2A0C1A75002483D5 /* LoadViewController.swift */ = {isa = PBXFileReference; lastKnownFileType = sourcecode.swift; path = LoadViewController.swift; sourceTree = "<group>"; };
		6ED68ACB29FC330400450583 /* GameViewController.swift */ = {isa = PBXFileReference; lastKnownFileType = sourcecode.swift; path = GameViewController.swift; sourceTree = "<group>"; };
		6ED68ACD29FC384C00450583 /* PersistData.swift */ = {isa = PBXFileReference; lastKnownFileType = sourcecode.swift; path = PersistData.swift; sourceTree = "<group>"; };
		6ED68ACF29FFF81400450583 /* OptionsViewController.swift */ = {isa = PBXFileReference; lastKnownFileType = sourcecode.swift; path = OptionsViewController.swift; sourceTree = "<group>"; };
/* End PBXFileReference section */

/* Begin PBXFrameworksBuildPhase section */
		6E1936E329E5D20D0069C99B /* Frameworks */ = {
			isa = PBXFrameworksBuildPhase;
			buildActionMask = 2147483647;
			files = (
			);
			runOnlyForDeploymentPostprocessing = 0;
		};
		6E1936F929E5D2160069C99B /* Frameworks */ = {
			isa = PBXFrameworksBuildPhase;
			buildActionMask = 2147483647;
			files = (
			);
			runOnlyForDeploymentPostprocessing = 0;
		};
		6E19370329E5D2160069C99B /* Frameworks */ = {
			isa = PBXFrameworksBuildPhase;
			buildActionMask = 2147483647;
			files = (
			);
			runOnlyForDeploymentPostprocessing = 0;
		};
/* End PBXFrameworksBuildPhase section */

/* Begin PBXGroup section */
		6E1936DD29E5D20D0069C99B = {
			isa = PBXGroup;
			children = (
				6E1936E829E5D20D0069C99B /* Thylispi */,
				6E1936FF29E5D2160069C99B /* ThylispiTests */,
				6E19370929E5D2160069C99B /* ThylispiUITests */,
				6E1936E729E5D20D0069C99B /* Products */,
			);
			sourceTree = "<group>";
		};
		6E1936E729E5D20D0069C99B /* Products */ = {
			isa = PBXGroup;
			children = (
				6E1936E629E5D20D0069C99B /* Thylispi.app */,
				6E1936FC29E5D2160069C99B /* ThylispiTests.xctest */,
				6E19370629E5D2160069C99B /* ThylispiUITests.xctest */,
			);
			name = Products;
			sourceTree = "<group>";
		};
		6E1936E829E5D20D0069C99B /* Thylispi */ = {
			isa = PBXGroup;
			children = (
				6E1936E929E5D20D0069C99B /* AppDelegate.swift */,
				6E1936EB29E5D20D0069C99B /* SceneDelegate.swift */,
				6E1936EF29E5D20D0069C99B /* Main.storyboard */,
				6ED68ACF29FFF81400450583 /* OptionsViewController.swift */,
				6E1936ED29E5D20D0069C99B /* ViewController.swift */,
				6ED3D7AF2A0C1A75002483D5 /* LoadViewController.swift */,
				6E1BAF2329EDBAEB00356DD9 /* SecondViewController.swift */,
				6ED68ACB29FC330400450583 /* GameViewController.swift */,
				6ED68ACD29FC384C00450583 /* PersistData.swift */,
				6ED3D7402A0C10BC002483D5 /* horrorAudio */,
				6E1936F229E5D2150069C99B /* Assets.xcassets */,
				6E1936F429E5D2150069C99B /* LaunchScreen.storyboard */,
				6E1936F729E5D2150069C99B /* Info.plist */,
			);
			path = Thylispi;
			sourceTree = "<group>";
		};
		6E1936FF29E5D2160069C99B /* ThylispiTests */ = {
			isa = PBXGroup;
			children = (
				6E19370029E5D2160069C99B /* ThylispiTests.swift */,
			);
			path = ThylispiTests;
			sourceTree = "<group>";
		};
		6E19370929E5D2160069C99B /* ThylispiUITests */ = {
			isa = PBXGroup;
			children = (
				6E19370A29E5D2160069C99B /* ThylispiUITests.swift */,
				6E19370C29E5D2160069C99B /* ThylispiUITestsLaunchTests.swift */,
			);
			path = ThylispiUITests;
			sourceTree = "<group>";
		};
		6ED3D7402A0C10BC002483D5 /* horrorAudio */ = {
			isa = PBXGroup;
			children = (
				6ED3D7412A0C10BC002483D5 /* cursedWind.wav */,
				6ED3D7422A0C10BC002483D5 /* ghostSound.wav */,
				6ED3D7432A0C10BC002483D5 /* laugh.wav */,
				6ED3D7442A0C10BC002483D5 /* dungeon.mp3 */,
				6ED3D7452A0C10BC002483D5 /* goBack.wav */,
				6ED3D7462A0C10BC002483D5 /* clicking.wav */,
				6ED3D7472A0C10BC002483D5 /* hyenaSound.mp3 */,
				6ED3D7482A0C10BC002483D5 /* menu.aiff */,
				6ED3D7492A0C10BC002483D5 /* walk.mp3 */,
				6ED3D74A2A0C10BC002483D5 /* cryingGhost.wav */,
				6ED3D74B2A0C10BC002483D5 /* EyeCurious.wav */,
				6ED3D74C2A0C10BC002483D5 /* ambientA.mp3 */,
				6ED3D74D2A0C10BC002483D5 /* sanityLow.wav */,
				6ED3D74E2A0C10BC002483D5 /* eyeSound.wav */,
				6ED3D74F2A0C10BC002483D5 /* newItem.wav */,
				6ED3D7502A0C10BC002483D5 /* eyeDeathSound.wav */,
				6ED3D7512A0C10BC002483D5 /* eyeAnger.wav */,
				6ED3D7522A0C10BC002483D5 /* startSound.wav */,
				6ED3D7532A0C10BC002483D5 /* tapped.aiff */,
				6ED3D7542A0C10BC002483D5 /* characterCreation.wav */,
				6ED3D7552A0C10BC002483D5 /* movingMonster.mp3 */,
				6ED3D7562A0C10BC002483D5 /* banging.wav */,
				6ED3D7572A0C10BC002483D5 /* newArea.wav */,
				6ED3D7582A0C10BC002483D5 /* ambientC.wav */,
				6ED3D7592A0C10BC002483D5 /* ambientB.wav */,
			);
			path = horrorAudio;
			sourceTree = "<group>";
		};
/* End PBXGroup section */

/* Begin PBXNativeTarget section */
		6E1936E529E5D20D0069C99B /* Thylispi */ = {
			isa = PBXNativeTarget;
			buildConfigurationList = 6E19371029E5D2160069C99B /* Build configuration list for PBXNativeTarget "Thylispi" */;
			buildPhases = (
				6E1936E229E5D20D0069C99B /* Sources */,
				6E1936E329E5D20D0069C99B /* Frameworks */,
				6E1936E429E5D20D0069C99B /* Resources */,
			);
			buildRules = (
			);
			dependencies = (
			);
			name = Thylispi;
			productName = Thylispi;
			productReference = 6E1936E629E5D20D0069C99B /* Thylispi.app */;
			productType = "com.apple.product-type.application";
		};
		6E1936FB29E5D2160069C99B /* ThylispiTests */ = {
			isa = PBXNativeTarget;
			buildConfigurationList = 6E19371329E5D2160069C99B /* Build configuration list for PBXNativeTarget "ThylispiTests" */;
			buildPhases = (
				6E1936F829E5D2160069C99B /* Sources */,
				6E1936F929E5D2160069C99B /* Frameworks */,
				6E1936FA29E5D2160069C99B /* Resources */,
			);
			buildRules = (
			);
			dependencies = (
				6E1936FE29E5D2160069C99B /* PBXTargetDependency */,
			);
			name = ThylispiTests;
			productName = ThylispiTests;
			productReference = 6E1936FC29E5D2160069C99B /* ThylispiTests.xctest */;
			productType = "com.apple.product-type.bundle.unit-test";
		};
		6E19370529E5D2160069C99B /* ThylispiUITests */ = {
			isa = PBXNativeTarget;
			buildConfigurationList = 6E19371629E5D2160069C99B /* Build configuration list for PBXNativeTarget "ThylispiUITests" */;
			buildPhases = (
				6E19370229E5D2160069C99B /* Sources */,
				6E19370329E5D2160069C99B /* Frameworks */,
				6E19370429E5D2160069C99B /* Resources */,
			);
			buildRules = (
			);
			dependencies = (
				6E19370829E5D2160069C99B /* PBXTargetDependency */,
			);
			name = ThylispiUITests;
			productName = ThylispiUITests;
			productReference = 6E19370629E5D2160069C99B /* ThylispiUITests.xctest */;
			productType = "com.apple.product-type.bundle.ui-testing";
		};
/* End PBXNativeTarget section */

/* Begin PBXProject section */
		6E1936DE29E5D20D0069C99B /* Project object */ = {
			isa = PBXProject;
			attributes = {
				BuildIndependentTargetsInParallel = 1;
				LastSwiftUpdateCheck = 1420;
				LastUpgradeCheck = 1420;
				TargetAttributes = {
					6E1936E529E5D20D0069C99B = {
						CreatedOnToolsVersion = 14.2;
					};
					6E1936FB29E5D2160069C99B = {
						CreatedOnToolsVersion = 14.2;
						TestTargetID = 6E1936E529E5D20D0069C99B;
					};
					6E19370529E5D2160069C99B = {
						CreatedOnToolsVersion = 14.2;
						TestTargetID = 6E1936E529E5D20D0069C99B;
					};
				};
			};
			buildConfigurationList = 6E1936E129E5D20D0069C99B /* Build configuration list for PBXProject "Thylispi" */;
			compatibilityVersion = "Xcode 14.0";
			developmentRegion = en;
			hasScannedForEncodings = 0;
			knownRegions = (
				en,
				Base,
			);
			mainGroup = 6E1936DD29E5D20D0069C99B;
			productRefGroup = 6E1936E729E5D20D0069C99B /* Products */;
			projectDirPath = "";
			projectRoot = "";
			targets = (
				6E1936E529E5D20D0069C99B /* Thylispi */,
				6E1936FB29E5D2160069C99B /* ThylispiTests */,
				6E19370529E5D2160069C99B /* ThylispiUITests */,
			);
		};
/* End PBXProject section */

/* Begin PBXResourcesBuildPhase section */
		6E1936E429E5D20D0069C99B /* Resources */ = {
			isa = PBXResourcesBuildPhase;
			buildActionMask = 2147483647;
			files = (
				6ED3D7602A0C10BC002483D5 /* hyenaSound.mp3 in Resources */,
				6ED3D7652A0C10BC002483D5 /* ambientA.mp3 in Resources */,
				6ED3D7682A0C10BC002483D5 /* newItem.wav in Resources */,
				6ED3D75D2A0C10BC002483D5 /* dungeon.mp3 in Resources */,
				6ED3D76A2A0C10BC002483D5 /* eyeAnger.wav in Resources */,
				6ED3D7662A0C10BC002483D5 /* sanityLow.wav in Resources */,
				6E1936F629E5D2150069C99B /* LaunchScreen.storyboard in Resources */,
				6ED3D76F2A0C10BC002483D5 /* banging.wav in Resources */,
				6E1936F329E5D2150069C99B /* Assets.xcassets in Resources */,
				6ED3D75C2A0C10BC002483D5 /* laugh.wav in Resources */,
				6ED3D7672A0C10BC002483D5 /* eyeSound.wav in Resources */,
				6ED3D7622A0C10BC002483D5 /* walk.mp3 in Resources */,
				6ED3D76D2A0C10BC002483D5 /* characterCreation.wav in Resources */,
				6ED3D75A2A0C10BC002483D5 /* cursedWind.wav in Resources */,
				6ED3D7702A0C10BC002483D5 /* newArea.wav in Resources */,
				6ED3D7612A0C10BC002483D5 /* menu.aiff in Resources */,
				6ED3D75E2A0C10BC002483D5 /* goBack.wav in Resources */,
				6ED3D7712A0C10BC002483D5 /* ambientC.wav in Resources */,
				6ED3D76E2A0C10BC002483D5 /* movingMonster.mp3 in Resources */,
				6ED3D75B2A0C10BC002483D5 /* ghostSound.wav in Resources */,
				6ED3D7692A0C10BC002483D5 /* eyeDeathSound.wav in Resources */,
				6ED3D75F2A0C10BC002483D5 /* clicking.wav in Resources */,
				6ED3D7632A0C10BC002483D5 /* cryingGhost.wav in Resources */,
				6ED3D76B2A0C10BC002483D5 /* startSound.wav in Resources */,
				6E1936F129E5D20D0069C99B /* Main.storyboard in Resources */,
				6ED3D7642A0C10BC002483D5 /* EyeCurious.wav in Resources */,
				6ED3D7722A0C10BC002483D5 /* ambientB.wav in Resources */,
				6ED3D76C2A0C10BC002483D5 /* tapped.aiff in Resources */,
			);
			runOnlyForDeploymentPostprocessing = 0;
		};
		6E1936FA29E5D2160069C99B /* Resources */ = {
			isa = PBXResourcesBuildPhase;
			buildActionMask = 2147483647;
			files = (
			);
			runOnlyForDeploymentPostprocessing = 0;
		};
		6E19370429E5D2160069C99B /* Resources */ = {
			isa = PBXResourcesBuildPhase;
			buildActionMask = 2147483647;
			files = (
			);
			runOnlyForDeploymentPostprocessing = 0;
		};
/* End PBXResourcesBuildPhase section */

/* Begin PBXSourcesBuildPhase section */
		6E1936E229E5D20D0069C99B /* Sources */ = {
			isa = PBXSourcesBuildPhase;
			buildActionMask = 2147483647;
			files = (
				6ED68ACE29FC384C00450583 /* PersistData.swift in Sources */,
				6ED68ACC29FC330400450583 /* GameViewController.swift in Sources */,
				6ED3D7B02A0C1A75002483D5 /* LoadViewController.swift in Sources */,
				6E1BAF2429EDBAEB00356DD9 /* SecondViewController.swift in Sources */,
				6ED68AD029FFF81400450583 /* OptionsViewController.swift in Sources */,
				6E1936EE29E5D20D0069C99B /* ViewController.swift in Sources */,
				6E1936EA29E5D20D0069C99B /* AppDelegate.swift in Sources */,
				6E1936EC29E5D20D0069C99B /* SceneDelegate.swift in Sources */,
			);
			runOnlyForDeploymentPostprocessing = 0;
		};
		6E1936F829E5D2160069C99B /* Sources */ = {
			isa = PBXSourcesBuildPhase;
			buildActionMask = 2147483647;
			files = (
				6E19370129E5D2160069C99B /* ThylispiTests.swift in Sources */,
			);
			runOnlyForDeploymentPostprocessing = 0;
		};
		6E19370229E5D2160069C99B /* Sources */ = {
			isa = PBXSourcesBuildPhase;
			buildActionMask = 2147483647;
			files = (
				6E19370D29E5D2160069C99B /* ThylispiUITestsLaunchTests.swift in Sources */,
				6E19370B29E5D2160069C99B /* ThylispiUITests.swift in Sources */,
			);
			runOnlyForDeploymentPostprocessing = 0;
		};
/* End PBXSourcesBuildPhase section */

/* Begin PBXTargetDependency section */
		6E1936FE29E5D2160069C99B /* PBXTargetDependency */ = {
			isa = PBXTargetDependency;
			target = 6E1936E529E5D20D0069C99B /* Thylispi */;
			targetProxy = 6E1936FD29E5D2160069C99B /* PBXContainerItemProxy */;
		};
		6E19370829E5D2160069C99B /* PBXTargetDependency */ = {
			isa = PBXTargetDependency;
			target = 6E1936E529E5D20D0069C99B /* Thylispi */;
			targetProxy = 6E19370729E5D2160069C99B /* PBXContainerItemProxy */;
		};
/* End PBXTargetDependency section */

/* Begin PBXVariantGroup section */
		6E1936EF29E5D20D0069C99B /* Main.storyboard */ = {
			isa = PBXVariantGroup;
			children = (
				6E1936F029E5D20D0069C99B /* Base */,
			);
			name = Main.storyboard;
			sourceTree = "<group>";
		};
		6E1936F429E5D2150069C99B /* LaunchScreen.storyboard */ = {
			isa = PBXVariantGroup;
			children = (
				6E1936F529E5D2150069C99B /* Base */,
			);
			name = LaunchScreen.storyboard;
			sourceTree = "<group>";
		};
/* End PBXVariantGroup section */

/* Begin XCBuildConfiguration section */
		6E19370E29E5D2160069C99B /* Debug */ = {
			isa = XCBuildConfiguration;
			buildSettings = {
				ALWAYS_SEARCH_USER_PATHS = NO;
				CLANG_ANALYZER_NONNULL = YES;
				CLANG_ANALYZER_NUMBER_OBJECT_CONVERSION = YES_AGGRESSIVE;
				CLANG_CXX_LANGUAGE_STANDARD = "gnu++20";
				CLANG_ENABLE_MODULES = YES;
				CLANG_ENABLE_OBJC_ARC = YES;
				CLANG_ENABLE_OBJC_WEAK = YES;
				CLANG_WARN_BLOCK_CAPTURE_AUTORELEASING = YES;
				CLANG_WARN_BOOL_CONVERSION = YES;
				CLANG_WARN_COMMA = YES;
				CLANG_WARN_CONSTANT_CONVERSION = YES;
				CLANG_WARN_DEPRECATED_OBJC_IMPLEMENTATIONS = YES;
				CLANG_WARN_DIRECT_OBJC_ISA_USAGE = YES_ERROR;
				CLANG_WARN_DOCUMENTATION_COMMENTS = YES;
				CLANG_WARN_EMPTY_BODY = YES;
				CLANG_WARN_ENUM_CONVERSION = YES;
				CLANG_WARN_INFINITE_RECURSION = YES;
				CLANG_WARN_INT_CONVERSION = YES;
				CLANG_WARN_NON_LITERAL_NULL_CONVERSION = YES;
				CLANG_WARN_OBJC_IMPLICIT_RETAIN_SELF = YES;
				CLANG_WARN_OBJC_LITERAL_CONVERSION = YES;
				CLANG_WARN_OBJC_ROOT_CLASS = YES_ERROR;
				CLANG_WARN_QUOTED_INCLUDE_IN_FRAMEWORK_HEADER = YES;
				CLANG_WARN_RANGE_LOOP_ANALYSIS = YES;
				CLANG_WARN_STRICT_PROTOTYPES = YES;
				CLANG_WARN_SUSPICIOUS_MOVE = YES;
				CLANG_WARN_UNGUARDED_AVAILABILITY = YES_AGGRESSIVE;
				CLANG_WARN_UNREACHABLE_CODE = YES;
				CLANG_WARN__DUPLICATE_METHOD_MATCH = YES;
				COPY_PHASE_STRIP = NO;
				DEBUG_INFORMATION_FORMAT = dwarf;
				ENABLE_STRICT_OBJC_MSGSEND = YES;
				ENABLE_TESTABILITY = YES;
				GCC_C_LANGUAGE_STANDARD = gnu11;
				GCC_DYNAMIC_NO_PIC = NO;
				GCC_NO_COMMON_BLOCKS = YES;
				GCC_OPTIMIZATION_LEVEL = 0;
				GCC_PREPROCESSOR_DEFINITIONS = (
					"DEBUG=1",
					"$(inherited)",
				);
				GCC_WARN_64_TO_32_BIT_CONVERSION = YES;
				GCC_WARN_ABOUT_RETURN_TYPE = YES_ERROR;
				GCC_WARN_UNDECLARED_SELECTOR = YES;
				GCC_WARN_UNINITIALIZED_AUTOS = YES_AGGRESSIVE;
				GCC_WARN_UNUSED_FUNCTION = YES;
				GCC_WARN_UNUSED_VARIABLE = YES;
				IPHONEOS_DEPLOYMENT_TARGET = 16.2;
				MTL_ENABLE_DEBUG_INFO = INCLUDE_SOURCE;
				MTL_FAST_MATH = YES;
				ONLY_ACTIVE_ARCH = YES;
				SDKROOT = iphoneos;
				SWIFT_ACTIVE_COMPILATION_CONDITIONS = DEBUG;
				SWIFT_OPTIMIZATION_LEVEL = "-Onone";
			};
			name = Debug;
		};
		6E19370F29E5D2160069C99B /* Release */ = {
			isa = XCBuildConfiguration;
			buildSettings = {
				ALWAYS_SEARCH_USER_PATHS = NO;
				CLANG_ANALYZER_NONNULL = YES;
				CLANG_ANALYZER_NUMBER_OBJECT_CONVERSION = YES_AGGRESSIVE;
				CLANG_CXX_LANGUAGE_STANDARD = "gnu++20";
				CLANG_ENABLE_MODULES = YES;
				CLANG_ENABLE_OBJC_ARC = YES;
				CLANG_ENABLE_OBJC_WEAK = YES;
				CLANG_WARN_BLOCK_CAPTURE_AUTORELEASING = YES;
				CLANG_WARN_BOOL_CONVERSION = YES;
				CLANG_WARN_COMMA = YES;
				CLANG_WARN_CONSTANT_CONVERSION = YES;
				CLANG_WARN_DEPRECATED_OBJC_IMPLEMENTATIONS = YES;
				CLANG_WARN_DIRECT_OBJC_ISA_USAGE = YES_ERROR;
				CLANG_WARN_DOCUMENTATION_COMMENTS = YES;
				CLANG_WARN_EMPTY_BODY = YES;
				CLANG_WARN_ENUM_CONVERSION = YES;
				CLANG_WARN_INFINITE_RECURSION = YES;
				CLANG_WARN_INT_CONVERSION = YES;
				CLANG_WARN_NON_LITERAL_NULL_CONVERSION = YES;
				CLANG_WARN_OBJC_IMPLICIT_RETAIN_SELF = YES;
				CLANG_WARN_OBJC_LITERAL_CONVERSION = YES;
				CLANG_WARN_OBJC_ROOT_CLASS = YES_ERROR;
				CLANG_WARN_QUOTED_INCLUDE_IN_FRAMEWORK_HEADER = YES;
				CLANG_WARN_RANGE_LOOP_ANALYSIS = YES;
				CLANG_WARN_STRICT_PROTOTYPES = YES;
				CLANG_WARN_SUSPICIOUS_MOVE = YES;
				CLANG_WARN_UNGUARDED_AVAILABILITY = YES_AGGRESSIVE;
				CLANG_WARN_UNREACHABLE_CODE = YES;
				CLANG_WARN__DUPLICATE_METHOD_MATCH = YES;
				COPY_PHASE_STRIP = NO;
				DEBUG_INFORMATION_FORMAT = "dwarf-with-dsym";
				ENABLE_NS_ASSERTIONS = NO;
				ENABLE_STRICT_OBJC_MSGSEND = YES;
				GCC_C_LANGUAGE_STANDARD = gnu11;
				GCC_NO_COMMON_BLOCKS = YES;
				GCC_WARN_64_TO_32_BIT_CONVERSION = YES;
				GCC_WARN_ABOUT_RETURN_TYPE = YES_ERROR;
				GCC_WARN_UNDECLARED_SELECTOR = YES;
				GCC_WARN_UNINITIALIZED_AUTOS = YES_AGGRESSIVE;
				GCC_WARN_UNUSED_FUNCTION = YES;
				GCC_WARN_UNUSED_VARIABLE = YES;
				IPHONEOS_DEPLOYMENT_TARGET = 16.2;
				MTL_ENABLE_DEBUG_INFO = NO;
				MTL_FAST_MATH = YES;
				SDKROOT = iphoneos;
				SWIFT_COMPILATION_MODE = wholemodule;
				SWIFT_OPTIMIZATION_LEVEL = "-O";
				VALIDATE_PRODUCT = YES;
			};
			name = Release;
		};
		6E19371129E5D2160069C99B /* Debug */ = {
			isa = XCBuildConfiguration;
			buildSettings = {
				ASSETCATALOG_COMPILER_APPICON_NAME = AppIcon;
				ASSETCATALOG_COMPILER_GLOBAL_ACCENT_COLOR_NAME = AccentColor;
				CODE_SIGN_STYLE = Automatic;
				CURRENT_PROJECT_VERSION = 1;
				GENERATE_INFOPLIST_FILE = YES;
				INFOPLIST_FILE = Thylispi/Info.plist;
				INFOPLIST_KEY_UIApplicationSupportsIndirectInputEvents = YES;
				INFOPLIST_KEY_UILaunchStoryboardName = LaunchScreen;
				INFOPLIST_KEY_UIMainStoryboardFile = Main;
				INFOPLIST_KEY_UISupportedInterfaceOrientations_iPad = "UIInterfaceOrientationPortrait UIInterfaceOrientationPortraitUpsideDown UIInterfaceOrientationLandscapeLeft UIInterfaceOrientationLandscapeRight";
				INFOPLIST_KEY_UISupportedInterfaceOrientations_iPhone = "UIInterfaceOrientationPortrait UIInterfaceOrientationLandscapeLeft UIInterfaceOrientationLandscapeRight";
				LD_RUNPATH_SEARCH_PATHS = (
					"$(inherited)",
					"@executable_path/Frameworks",
				);
				MARKETING_VERSION = 1.0;
				PRODUCT_BUNDLE_IDENTIFIER = com.swca.Thylispi;
				PRODUCT_NAME = "$(TARGET_NAME)";
				SWIFT_EMIT_LOC_STRINGS = YES;
				SWIFT_VERSION = 5.0;
				TARGETED_DEVICE_FAMILY = "1,2";
			};
			name = Debug;
		};
		6E19371229E5D2160069C99B /* Release */ = {
			isa = XCBuildConfiguration;
			buildSettings = {
				ASSETCATALOG_COMPILER_APPICON_NAME = AppIcon;
				ASSETCATALOG_COMPILER_GLOBAL_ACCENT_COLOR_NAME = AccentColor;
				CODE_SIGN_STYLE = Automatic;
				CURRENT_PROJECT_VERSION = 1;
				GENERATE_INFOPLIST_FILE = YES;
				INFOPLIST_FILE = Thylispi/Info.plist;
				INFOPLIST_KEY_UIApplicationSupportsIndirectInputEvents = YES;
				INFOPLIST_KEY_UILaunchStoryboardName = LaunchScreen;
				INFOPLIST_KEY_UIMainStoryboardFile = Main;
				INFOPLIST_KEY_UISupportedInterfaceOrientations_iPad = "UIInterfaceOrientationPortrait UIInterfaceOrientationPortraitUpsideDown UIInterfaceOrientationLandscapeLeft UIInterfaceOrientationLandscapeRight";
				INFOPLIST_KEY_UISupportedInterfaceOrientations_iPhone = "UIInterfaceOrientationPortrait UIInterfaceOrientationLandscapeLeft UIInterfaceOrientationLandscapeRight";
				LD_RUNPATH_SEARCH_PATHS = (
					"$(inherited)",
					"@executable_path/Frameworks",
				);
				MARKETING_VERSION = 1.0;
				PRODUCT_BUNDLE_IDENTIFIER = com.swca.Thylispi;
				PRODUCT_NAME = "$(TARGET_NAME)";
				SWIFT_EMIT_LOC_STRINGS = YES;
				SWIFT_VERSION = 5.0;
				TARGETED_DEVICE_FAMILY = "1,2";
			};
			name = Release;
		};
		6E19371429E5D2160069C99B /* Debug */ = {
			isa = XCBuildConfiguration;
			buildSettings = {
				ALWAYS_EMBED_SWIFT_STANDARD_LIBRARIES = YES;
				BUNDLE_LOADER = "$(TEST_HOST)";
				CODE_SIGN_STYLE = Automatic;
				CURRENT_PROJECT_VERSION = 1;
				GENERATE_INFOPLIST_FILE = YES;
				IPHONEOS_DEPLOYMENT_TARGET = 16.2;
				MARKETING_VERSION = 1.0;
				PRODUCT_BUNDLE_IDENTIFIER = com.swca.ThylispiTests;
				PRODUCT_NAME = "$(TARGET_NAME)";
				SWIFT_EMIT_LOC_STRINGS = NO;
				SWIFT_VERSION = 5.0;
				TARGETED_DEVICE_FAMILY = "1,2";
				TEST_HOST = "$(BUILT_PRODUCTS_DIR)/Thylispi.app/$(BUNDLE_EXECUTABLE_FOLDER_PATH)/Thylispi";
			};
			name = Debug;
		};
		6E19371529E5D2160069C99B /* Release */ = {
			isa = XCBuildConfiguration;
			buildSettings = {
				ALWAYS_EMBED_SWIFT_STANDARD_LIBRARIES = YES;
				BUNDLE_LOADER = "$(TEST_HOST)";
				CODE_SIGN_STYLE = Automatic;
				CURRENT_PROJECT_VERSION = 1;
				GENERATE_INFOPLIST_FILE = YES;
				IPHONEOS_DEPLOYMENT_TARGET = 16.2;
				MARKETING_VERSION = 1.0;
				PRODUCT_BUNDLE_IDENTIFIER = com.swca.ThylispiTests;
				PRODUCT_NAME = "$(TARGET_NAME)";
				SWIFT_EMIT_LOC_STRINGS = NO;
				SWIFT_VERSION = 5.0;
				TARGETED_DEVICE_FAMILY = "1,2";
				TEST_HOST = "$(BUILT_PRODUCTS_DIR)/Thylispi.app/$(BUNDLE_EXECUTABLE_FOLDER_PATH)/Thylispi";
			};
			name = Release;
		};
		6E19371729E5D2160069C99B /* Debug */ = {
			isa = XCBuildConfiguration;
			buildSettings = {
				ALWAYS_EMBED_SWIFT_STANDARD_LIBRARIES = YES;
				CODE_SIGN_STYLE = Automatic;
				CURRENT_PROJECT_VERSION = 1;
				GENERATE_INFOPLIST_FILE = YES;
				MARKETING_VERSION = 1.0;
				PRODUCT_BUNDLE_IDENTIFIER = com.swca.ThylispiUITests;
				PRODUCT_NAME = "$(TARGET_NAME)";
				SWIFT_EMIT_LOC_STRINGS = NO;
				SWIFT_VERSION = 5.0;
				TARGETED_DEVICE_FAMILY = "1,2";
				TEST_TARGET_NAME = Thylispi;
			};
			name = Debug;
		};
		6E19371829E5D2160069C99B /* Release */ = {
			isa = XCBuildConfiguration;
			buildSettings = {
				ALWAYS_EMBED_SWIFT_STANDARD_LIBRARIES = YES;
				CODE_SIGN_STYLE = Automatic;
				CURRENT_PROJECT_VERSION = 1;
				GENERATE_INFOPLIST_FILE = YES;
				MARKETING_VERSION = 1.0;
				PRODUCT_BUNDLE_IDENTIFIER = com.swca.ThylispiUITests;
				PRODUCT_NAME = "$(TARGET_NAME)";
				SWIFT_EMIT_LOC_STRINGS = NO;
				SWIFT_VERSION = 5.0;
				TARGETED_DEVICE_FAMILY = "1,2";
				TEST_TARGET_NAME = Thylispi;
			};
			name = Release;
		};
/* End XCBuildConfiguration section */

/* Begin XCConfigurationList section */
		6E1936E129E5D20D0069C99B /* Build configuration list for PBXProject "Thylispi" */ = {
			isa = XCConfigurationList;
			buildConfigurations = (
				6E19370E29E5D2160069C99B /* Debug */,
				6E19370F29E5D2160069C99B /* Release */,
			);
			defaultConfigurationIsVisible = 0;
			defaultConfigurationName = Release;
		};
		6E19371029E5D2160069C99B /* Build configuration list for PBXNativeTarget "Thylispi" */ = {
			isa = XCConfigurationList;
			buildConfigurations = (
				6E19371129E5D2160069C99B /* Debug */,
				6E19371229E5D2160069C99B /* Release */,
			);
			defaultConfigurationIsVisible = 0;
			defaultConfigurationName = Release;
		};
		6E19371329E5D2160069C99B /* Build configuration list for PBXNativeTarget "ThylispiTests" */ = {
			isa = XCConfigurationList;
			buildConfigurations = (
				6E19371429E5D2160069C99B /* Debug */,
				6E19371529E5D2160069C99B /* Release */,
			);
			defaultConfigurationIsVisible = 0;
			defaultConfigurationName = Release;
		};
		6E19371629E5D2160069C99B /* Build configuration list for PBXNativeTarget "ThylispiUITests" */ = {
			isa = XCConfigurationList;
			buildConfigurations = (
				6E19371729E5D2160069C99B /* Debug */,
				6E19371829E5D2160069C99B /* Release */,
			);
			defaultConfigurationIsVisible = 0;
			defaultConfigurationName = Release;
		};
/* End XCConfigurationList section */
	};
	rootObject = 6E1936DE29E5D20D0069C99B /* Project object */;
}
